
Microsoft Visual Studio Solution File, Format Version 11.00
# Visual Studio 2010
Project("{FAE04EC0-301F-11D3-BF4B-00C04F79EFBC}") = "Draco.DB.QuickDataBase4.0", "Draco.DB.QuickDataBase\Draco.DB.QuickDataBase4.0.csproj", "{999E4E5B-7358-4169-A07F-DAF09D157497}"
EndProject
Project("{FAE04EC0-301F-11D3-BF4B-00C04F79EFBC}") = "Draco.DB.ORM4.0", "Draco.DB.ORM\Draco.DB.ORM4.0.csproj", "{D6329440-C064-4CD7-9DB9-5257191ED684}"
EndProject
Project("{FAE04EC0-301F-11D3-BF4B-00C04F79EFBC}") = "Draco.DB.DbConfiguration4.0", "Draco.DB.DbConfiguration\Draco.DB.DbConfiguration4.0.csproj", "{1E58C08A-822A-4F31-BC98-0CD9A18111D0}"
EndProject
Project("{FAE04EC0-301F-11D3-BF4B-00C04F79EFBC}") = "Draco.DB.EntityGenerator4.0", "Draco.DB.EntityGenerator\Draco.DB.EntityGenerator4.0.csproj", "{E234BBE2-65B6-44F5-81B6-2F554DE80BD4}"
EndProject
Project("{FAE04EC0-301F-11D3-BF4B-00C04F79EFBC}") = "Draco.DB.UnitTest4.0", "Draco.DB.UnitTest\Draco.DB.UnitTest4.0.csproj", "{7261F26A-7A5F-4052-81D8-CA8ABC66C5F5}"
EndProject
Global
	GlobalSection(SolutionConfigurationPlatforms) = preSolution
		Debug|Any CPU = Debug|Any CPU
		Release|Any CPU = Release|Any CPU
	EndGlobalSection
	GlobalSection(ProjectConfigurationPlatforms) = postSolution
		{999E4E5B-7358-4169-A07F-DAF09D157497}.Debug|Any CPU.ActiveCfg = Debug|Any CPU
		{999E4E5B-7358-4169-A07F-DAF09D157497}.Debug|Any CPU.Build.0 = Debug|Any CPU
		{999E4E5B-7358-4169-A07F-DAF09D157497}.Release|Any CPU.ActiveCfg = Release|Any CPU
		{999E4E5B-7358-4169-A07F-DAF09D157497}.Release|Any CPU.Build.0 = Release|Any CPU
		{D6329440-C064-4CD7-9DB9-5257191ED684}.Debug|Any CPU.ActiveCfg = Debug|Any CPU
		{D6329440-C064-4CD7-9DB9-5257191ED684}.Debug|Any CPU.Build.0 = Debug|Any CPU
		{D6329440-C064-4CD7-9DB9-5257191ED684}.Release|Any CPU.ActiveCfg = Release|Any CPU
		{D6329440-C064-4CD7-9DB9-5257191ED684}.Release|Any CPU.Build.0 = Release|Any CPU
		{1E58C08A-822A-4F31-BC98-0CD9A18111D0}.Debug|Any CPU.ActiveCfg = Debug|Any CPU
		{1E58C08A-822A-4F31-BC98-0CD9A18111D0}.Debug|Any CPU.Build.0 = Debug|Any CPU
		{1E58C08A-822A-4F31-BC98-0CD9A18111D0}.Release|Any CPU.ActiveCfg = Release|Any CPU
		{1E58C08A-822A-4F31-BC98-0CD9A18111D0}.Release|Any CPU.Build.0 = Release|Any CPU
		{E234BBE2-65B6-44F5-81B6-2F554DE80BD4}.Debug|Any CPU.ActiveCfg = Debug|Any CPU
		{E234BBE2-65B6-44F5-81B6-2F554DE80BD4}.Debug|Any CPU.Build.0 = Debug|Any CPU
		{E234BBE2-65B6-44F5-81B6-2F554DE80BD4}.Release|Any CPU.ActiveCfg = Release|Any CPU
		{E234BBE2-65B6-44F5-81B6-2F554DE80BD4}.Release|Any CPU.Build.0 = Release|Any CPU
		{7261F26A-7A5F-4052-81D8-CA8ABC66C5F5}.Debug|Any CPU.ActiveCfg = Debug|Any CPU
		{7261F26A-7A5F-4052-81D8-CA8ABC66C5F5}.Debug|Any CPU.Build.0 = Debug|Any CPU
		{7261F26A-7A5F-4052-81D8-CA8ABC66C5F5}.Release|Any CPU.ActiveCfg = Release|Any CPU
		{7261F26A-7A5F-4052-81D8-CA8ABC66C5F5}.Release|Any CPU.Build.0 = Release|Any CPU
	EndGlobalSection
	GlobalSection(SolutionProperties) = preSolution
		HideSolutionNode = FALSE
	EndGlobalSection
EndGlobal
